
Microsoft Visual Studio Solution File, Format Version 12.00
# Visual Studio Version 17
VisualStudioVersion = 17.0.32014.148
MinimumVisualStudioVersion = 10.0.40219.1
Project("{9A19103F-16F7-4668-BE54-9A1E7A4F7556}") = "GeometricFormsTDD.Core.Tests", "GeometricFormsTDD.Core.Tests\GeometricFormsTDD.Core.Tests.csproj", "{C805C954-1812-4B26-94B4-E219FF43D1F3}"
EndProject
Global
	GlobalSection(SolutionConfigurationPlatforms) = preSolution
		Debug|Any CPU = Debug|Any CPU
		Release|Any CPU = Release|Any CPU
	EndGlobalSection
	GlobalSection(ProjectConfigurationPlatforms) = postSolution
		{C805C954-1812-4B26-94B4-E219FF43D1F3}.Debug|Any CPU.ActiveCfg = Debug|Any CPU
		{C805C954-1812-4B26-94B4-E219FF43D1F3}.Debug|Any CPU.Build.0 = Debug|Any CPU
		{C805C954-1812-4B26-94B4-E219FF43D1F3}.Release|Any CPU.ActiveCfg = Release|Any CPU
		{C805C954-1812-4B26-94B4-E219FF43D1F3}.Release|Any CPU.Build.0 = Release|Any CPU
	EndGlobalSection
	GlobalSection(SolutionProperties) = preSolution
		HideSolutionNode = FALSE
	EndGlobalSection
	GlobalSection(ExtensibilityGlobals) = postSolution
		SolutionGuid = {1B08C112-2AD1-47E1-899F-2E19A7DBF29B}
	EndGlobalSection
EndGlobal
